{
  "requires": true,
  "lockfileVersion": 1,
  "dependencies": {
    "croppie": {
      "version": "2.6.2",
      "resolved": "https://registry.npmjs.org/croppie/-/croppie-2.6.2.tgz",
      "integrity": "sha512-uvQI8XliWNWiquFCgIjwNoWCjbnQ/qvyitwIj8F4PjwrH40vniPmKSXmXaIbiWNojiraCi08PovKXfs8YXjMGg=="
    },
    "material-kit": {
      "version": "2.0.4",
      "resolved": "https://registry.npmjs.org/material-kit/-/material-kit-2.0.4.tgz",
      "integrity": "sha512-YtcRcqV0s7iByigCfcoHqtrUgXaicyYyZYikn6cdUuKdPdYvQplOUvUgvzmNTvDPcZXzLt8MUk9YfpWWOGISOQ=="
    }
  }
}
